
Microsoft Visual Studio Solution File, Format Version 12.00
# Visual Studio Version 16
VisualStudioVersion = 16.0.30804.86
MinimumVisualStudioVersion = 10.0.40219.1
Project("{FAE04EC0-301F-11D3-BF4B-00C04F79EFBC}") = "KSISLab8", "KSISLab8.csproj", "{33CF24BC-63DE-4824-A3F0-9F2A3394A794}"
EndProject
Global
	GlobalSection(SolutionConfigurationPlatforms) = preSolution
		Debug|Any CPU = Debug|Any CPU
		Release|Any CPU = Release|Any CPU
	EndGlobalSection
	GlobalSection(ProjectConfigurationPlatforms) = postSolution
		{33CF24BC-63DE-4824-A3F0-9F2A3394A794}.Debug|Any CPU.ActiveCfg = Debug|Any CPU
		{33CF24BC-63DE-4824-A3F0-9F2A3394A794}.Debug|Any CPU.Build.0 = Debug|Any CPU
		{33CF24BC-63DE-4824-A3F0-9F2A3394A794}.Release|Any CPU.ActiveCfg = Release|Any CPU
		{33CF24BC-63DE-4824-A3F0-9F2A3394A794}.Release|Any CPU.Build.0 = Release|Any CPU
	EndGlobalSection
	GlobalSection(SolutionProperties) = preSolution
		HideSolutionNode = FALSE
	EndGlobalSection
	GlobalSection(ExtensibilityGlobals) = postSolution
		SolutionGuid = {29A8B229-4C01-4C13-87E2-6198E5B43091}
	EndGlobalSection
EndGlobal
